
Microsoft Visual Studio Solution File, Format Version 12.00
# Visual Studio Version 17
VisualStudioVersion = 17.9.34728.123
MinimumVisualStudioVersion = 10.0.40219.1
Project("{9A19103F-16F7-4668-BE54-9A1E7A4F7556}") = "Assingment_EFCore.Application", "src\Assingment_EFCore.Application\Assingment_EFCore.Application.csproj", "{7ED92239-B415-4D59-8233-478526A278BF}"
EndProject
Project("{9A19103F-16F7-4668-BE54-9A1E7A4F7556}") = "Assingment_EFCore.Domain", "src\Assingment_EFCore.Domain\Assingment_EFCore.Domain.csproj", "{9F1D2BD6-C0DE-4D37-B72B-08DF27B5845D}"
EndProject
Project("{9A19103F-16F7-4668-BE54-9A1E7A4F7556}") = "Assingment_EFCore.Infrastructure", "src\Assingment_EFCore.Infrastructure\Assingment_EFCore.Infrastructure.csproj", "{092044F1-9386-4902-88BB-AFA9FF761479}"
EndProject
Project("{9A19103F-16F7-4668-BE54-9A1E7A4F7556}") = "Assingment_EFCore.WebApi", "src\Assingment_EFCore.WebApi\Assingment_EFCore.WebApi.csproj", "{9D8A94C1-D816-48EF-B886-745B022277C2}"
EndProject
Global
	GlobalSection(SolutionConfigurationPlatforms) = preSolution
		Debug|Any CPU = Debug|Any CPU
		Release|Any CPU = Release|Any CPU
	EndGlobalSection
	GlobalSection(ProjectConfigurationPlatforms) = postSolution
		{7ED92239-B415-4D59-8233-478526A278BF}.Debug|Any CPU.ActiveCfg = Debug|Any CPU
		{7ED92239-B415-4D59-8233-478526A278BF}.Debug|Any CPU.Build.0 = Debug|Any CPU
		{7ED92239-B415-4D59-8233-478526A278BF}.Release|Any CPU.ActiveCfg = Release|Any CPU
		{7ED92239-B415-4D59-8233-478526A278BF}.Release|Any CPU.Build.0 = Release|Any CPU
		{9F1D2BD6-C0DE-4D37-B72B-08DF27B5845D}.Debug|Any CPU.ActiveCfg = Debug|Any CPU
		{9F1D2BD6-C0DE-4D37-B72B-08DF27B5845D}.Debug|Any CPU.Build.0 = Debug|Any CPU
		{9F1D2BD6-C0DE-4D37-B72B-08DF27B5845D}.Release|Any CPU.ActiveCfg = Release|Any CPU
		{9F1D2BD6-C0DE-4D37-B72B-08DF27B5845D}.Release|Any CPU.Build.0 = Release|Any CPU
		{092044F1-9386-4902-88BB-AFA9FF761479}.Debug|Any CPU.ActiveCfg = Debug|Any CPU
		{092044F1-9386-4902-88BB-AFA9FF761479}.Debug|Any CPU.Build.0 = Debug|Any CPU
		{092044F1-9386-4902-88BB-AFA9FF761479}.Release|Any CPU.ActiveCfg = Release|Any CPU
		{092044F1-9386-4902-88BB-AFA9FF761479}.Release|Any CPU.Build.0 = Release|Any CPU
		{9D8A94C1-D816-48EF-B886-745B022277C2}.Debug|Any CPU.ActiveCfg = Debug|Any CPU
		{9D8A94C1-D816-48EF-B886-745B022277C2}.Debug|Any CPU.Build.0 = Debug|Any CPU
		{9D8A94C1-D816-48EF-B886-745B022277C2}.Release|Any CPU.ActiveCfg = Release|Any CPU
		{9D8A94C1-D816-48EF-B886-745B022277C2}.Release|Any CPU.Build.0 = Release|Any CPU
	EndGlobalSection
	GlobalSection(SolutionProperties) = preSolution
		HideSolutionNode = FALSE
	EndGlobalSection
	GlobalSection(ExtensibilityGlobals) = postSolution
		SolutionGuid = {F29511BF-47DE-4B9A-984E-C02A2415DC8E}
	EndGlobalSection
EndGlobal
